# This file is automatically @generated by Cargo.
# It is not intended for manual editing.
version = 4

[[package]]
name = "anamix_ir"
version = "0.1.0"
dependencies = [
 "rgb",
]

[[package]]
name = "bytemuck"
version = "1.25.0"
source = "registry+https://github.com/rust-lang/crates.io-index"
checksum = "c8efb64bd706a16a1bdde310ae86b351e4d21550d98d056f22f8a7f7a2183fec"

[[package]]
name = "rgb"
version = "0.8.52"
source = "registry+https://github.com/rust-lang/crates.io-index"
checksum = "0c6a884d2998352bb4daf0183589aec883f16a6da1f4dde84d8e2e9a5409a1ce"
dependencies = [
 "bytemuck",
]
